{
  "lockfileVersion": 1,
  "workspaces": {
    "": {},
    "ansi": {
      "name": "@hyprx/ansi",
      "version": "0.0.0-alpha.0",
      "dependencies": {
        "@hyprx/chars": "^0.0.0-alpha.0",
        "@hyprx/env": "^0.0.0-alpha.0",
        "@hyprx/fmt": "^0.0.0-alpha.0",
        "@hyprx/process": "^0.0.0-alpha.0",
        "@hyprx/runtime-info": "^0.0.0-alpha.0",
      },
      "devDependencies": {
        "@hyprx/assert": "^0.0.0-alpha.0",
        "@hyprx/testing": "^0.0.0-alpha.0",
      },
    },
    "assert": {
      "name": "@hyprx/assert",
      "version": "0.0.0-alpha.0",
      "devDependencies": {
        "@hyprx/testing": "^0.0.0-alpha.0",
      },
    },
    "chars": {
      "name": "@hyprx/chars",
      "version": "0.0.0-alpha.0",
      "devDependencies": {
        "@hyprx/assert": "^0.0.0-alpha.0",
        "@hyprx/testing": "^0.0.0-alpha.0",
      },
    },
    "env": {
      "name": "@hyprx/env",
      "version": "0.0.0-alpha.0",
      "dependencies": {
        "@hyprx/chars": "^0.0.0-alpha.0",
        "@hyprx/runtime-info": "^0.0.0-alpha.0",
        "@hyprx/strings": "^0.0.0-alpha.0",
      },
      "devDependencies": {
        "@hyprx/assert": "^0.0.0-alpha.0",
        "@hyprx/testing": "^0.0.0-alpha.0",
      },
    },
    "fmt": {
      "name": "@hyprx/fmt",
      "version": "0.0.0-alpha.0",
      "dependencies": {
        "@hyprx/process": "^0.0.0-alpha.0",
        "@hyprx/runtime-info": "^0.0.0-alpha.0",
      },
      "devDependencies": {
        "@hyprx/assert": "^0.0.0-alpha.0",
        "@hyprx/testing": "^0.0.0-alpha.0",
      },
    },
    "fs": {
      "name": "@hyprx/fs",
      "version": "0.0.0-alpha.0",
      "dependencies": {
        "@hyprx/path": "^0.0.0-alpha.0",
      },
      "devDependencies": {
        "@hyprx/assert": "^0.0.0-alpha.0",
        "@hyprx/testing": "^0.0.0-alpha.0",
        "@types/node": "^22.14.1",
        "picocolors": "^1.0.0",
      },
    },
    "option": {
      "name": "@hyprx/option",
      "version": "0.0.0-alpha.0",
      "devDependencies": {
        "@hyprx/assert": "^0.0.0-alpha.0",
        "@hyprx/testing": "^0.0.0-alpha.0",
      },
    },
    "path": {
      "name": "@hyprx/path",
      "version": "0.0.0-alpha.0",
      "dependencies": {
        "@hyprx/chars": "^0.0.0-alpha.0",
        "@hyprx/runtime-info": "^0.0.0-alpha.0",
      },
      "devDependencies": {
        "@hyprx/assert": "^0.0.0-alpha.0",
        "@hyprx/testing": "^0.0.0-alpha.0",
      },
    },
    "process": {
      "name": "@hyprx/process",
      "version": "0.0.0-alpha.0",
      "dependencies": {
        "@hyprx/runtime-info": "^0.0.0-alpha.0",
      },
      "devDependencies": {
        "@hyprx/assert": "^0.0.0-alpha.0",
        "@hyprx/testing": "^0.0.0-alpha.0",
      },
    },
    "result": {
      "name": "@hyprx/result",
      "version": "0.0.0-alpha.0",
      "devDependencies": {
        "@hyprx/assert": "^0.0.0-alpha.0",
        "@hyprx/testing": "^0.0.0-alpha.0",
      },
    },
    "runtime-info": {
      "name": "@hyprx/runtime-info",
      "version": "0.0.0-alpha.0",
      "devDependencies": {
        "@hyprx/assert": "^0.0.0-alpha.0",
        "@hyprx/testing": "^0.0.0-alpha.0",
      },
    },
    "secrets": {
      "name": "@hyprx/secrets",
      "version": "0.0.0-alpha.0",
      "dependencies": {
        "@hyprx/chars": "^0.0.0-alpha.0",
        "@hyprx/runtime-info": "^0.0.0-alpha.0",
      },
      "devDependencies": {
        "@hyprx/assert": "^0.0.0-alpha.0",
        "@hyprx/testing": "^0.0.0-alpha.0",
      },
    },
    "slices": {
      "name": "@hyprx/slices",
      "version": "0.0.0-alpha.0",
      "dependencies": {
        "@hyprx/chars": "^0.0.0-alpha.0",
        "@hyprx/runtime-info": "^0.0.0-alpha.0",
      },
      "devDependencies": {
        "@hyprx/assert": "^0.0.0-alpha.0",
        "@hyprx/testing": "^0.0.0-alpha.0",
      },
    },
    "strings": {
      "name": "@hyprx/strings",
      "version": "0.0.0-alpha.0",
      "dependencies": {
        "@hyprx/slices": "^0.0.0-alpha.0",
      },
      "devDependencies": {
        "@hyprx/assert": "^0.0.0-alpha.0",
        "@hyprx/testing": "^0.0.0-alpha.0",
      },
    },
    "testing": {
      "name": "@hyprx/testing",
      "version": "0.0.0-alpha.0",
      "devDependencies": {
        "@types/node": "^22.14.1",
      },
    },
  },
  "packages": {
    "@hyprx/ansi": ["@hyprx/ansi@workspace:ansi"],

    "@hyprx/assert": ["@hyprx/assert@workspace:assert"],

    "@hyprx/chars": ["@hyprx/chars@workspace:chars"],

    "@hyprx/env": ["@hyprx/env@workspace:env"],

    "@hyprx/fmt": ["@hyprx/fmt@workspace:fmt"],

    "@hyprx/fs": ["@hyprx/fs@workspace:fs"],

    "@hyprx/option": ["@hyprx/option@workspace:option"],

    "@hyprx/path": ["@hyprx/path@workspace:path"],

    "@hyprx/process": ["@hyprx/process@workspace:process"],

    "@hyprx/result": ["@hyprx/result@workspace:result"],

    "@hyprx/runtime-info": ["@hyprx/runtime-info@workspace:runtime-info"],

    "@hyprx/secrets": ["@hyprx/secrets@workspace:secrets"],

    "@hyprx/slices": ["@hyprx/slices@workspace:slices"],

    "@hyprx/strings": ["@hyprx/strings@workspace:strings"],

    "@hyprx/testing": ["@hyprx/testing@workspace:testing"],

    "@types/node": ["@types/node@22.14.1", "", { "dependencies": { "undici-types": "~6.21.0" } }, "sha512-u0HuPQwe/dHrItgHHpmw3N2fYCR6x4ivMNbPHRkBVP4CvN+kiRrKHWk3i8tXiO/joPwXLMYvF9TTF0eqgHIuOw=="],

    "picocolors": ["picocolors@1.1.1", "", {}, "sha512-xceH2snhtb5M9liqDsmEw56le376mTZkEX/jEb/RxNFyegNul7eNslCXP9FDj/Lcu0X8KEyMceP2ntpaHrDEVA=="],

    "undici-types": ["undici-types@6.21.0", "", {}, "sha512-iwDZqg0QAGrg9Rav5H4n0M64c3mkR59cJ6wQp+7C4nI0gsmExaedaYLNO44eT4AtBBwjbTiGPMlt2Md0T9H9JQ=="],
  }
}
