{
  "name": "npm",
  "lockfileVersion": 3,
  "requires": true,
  "packages": {
    "": {
      "workspaces": [
        "./*"
      ]
    },
    "ansi": {
      "name": "@hyprx/ansi",
      "version": "0.0.0-alpha.0",
      "license": "MIT",
      "dependencies": {
        "@hyprx/chars": "0.0.0-alpha.0",
        "@hyprx/env": "0.0.0-alpha.0",
        "@hyprx/fmt": "0.0.0-alpha.0",
        "@hyprx/process": "0.0.0-alpha.0",
        "@hyprx/runtime-info": "0.0.0-alpha.0"
      },
      "devDependencies": {
        "@hyprx/assert": "0.0.0-alpha.0",
        "@hyprx/testing": "0.0.0-alpha.0"
      },
      "engines": {
        "node": ">=22"
      }
    },
    "assert": {
      "name": "@hyprx/assert",
      "version": "0.0.0-alpha.0",
      "license": "MIT",
      "devDependencies": {
        "@hyprx/testing": "0.0.0-alpha.0"
      },
      "engines": {
        "node": ">=22"
      }
    },
    "chars": {
      "name": "@hyprx/chars",
      "version": "0.0.0-alpha.0",
      "license": "MIT",
      "devDependencies": {
        "@hyprx/assert": "0.0.0-alpha.0",
        "@hyprx/testing": "0.0.0-alpha.0"
      },
      "engines": {
        "node": ">=22"
      }
    },
    "env": {
      "name": "@hyprx/env",
      "version": "0.0.0-alpha.0",
      "license": "MIT",
      "dependencies": {
        "@hyprx/chars": "0.0.0-alpha.0",
        "@hyprx/runtime-info": "0.0.0-alpha.0",
        "@hyprx/strings": "0.0.0-alpha.0"
      },
      "devDependencies": {
        "@hyprx/assert": "0.0.0-alpha.0",
        "@hyprx/testing": "0.0.0-alpha.0"
      },
      "engines": {
        "node": ">=22"
      }
    },
    "fmt": {
      "name": "@hyprx/fmt",
      "version": "0.0.0-alpha.0",
      "license": "MIT",
      "dependencies": {
        "@hyprx/process": "0.0.0-alpha.0",
        "@hyprx/runtime-info": "0.0.0-alpha.0"
      },
      "devDependencies": {
        "@hyprx/assert": "0.0.0-alpha.0",
        "@hyprx/testing": "0.0.0-alpha.0"
      },
      "engines": {
        "node": ">=22"
      }
    },
    "node_modules/@hyprx/ansi": {
      "resolved": "ansi",
      "link": true
    },
    "node_modules/@hyprx/assert": {
      "resolved": "assert",
      "link": true
    },
    "node_modules/@hyprx/chars": {
      "resolved": "chars",
      "link": true
    },
    "node_modules/@hyprx/env": {
      "resolved": "env",
      "link": true
    },
    "node_modules/@hyprx/fmt": {
      "resolved": "fmt",
      "link": true
    },
    "node_modules/@hyprx/option": {
      "resolved": "option",
      "link": true
    },
    "node_modules/@hyprx/path": {
      "resolved": "path",
      "link": true
    },
    "node_modules/@hyprx/process": {
      "resolved": "process",
      "link": true
    },
    "node_modules/@hyprx/result": {
      "resolved": "result",
      "link": true
    },
    "node_modules/@hyprx/runtime-info": {
      "resolved": "runtime-info",
      "link": true
    },
    "node_modules/@hyprx/secrets": {
      "resolved": "secrets",
      "link": true
    },
    "node_modules/@hyprx/slices": {
      "resolved": "slices",
      "link": true
    },
    "node_modules/@hyprx/strings": {
      "resolved": "strings",
      "link": true
    },
    "node_modules/@hyprx/testing": {
      "resolved": "testing",
      "link": true
    },
    "node_modules/@types/node": {
      "version": "22.14.1",
      "resolved": "https://registry.npmjs.org/@types/node/-/node-22.14.1.tgz",
      "integrity": "sha512-u0HuPQwe/dHrItgHHpmw3N2fYCR6x4ivMNbPHRkBVP4CvN+kiRrKHWk3i8tXiO/joPwXLMYvF9TTF0eqgHIuOw==",
      "dev": true,
      "license": "MIT",
      "dependencies": {
        "undici-types": "~6.21.0"
      }
    },
    "node_modules/undici-types": {
      "version": "6.21.0",
      "resolved": "https://registry.npmjs.org/undici-types/-/undici-types-6.21.0.tgz",
      "integrity": "sha512-iwDZqg0QAGrg9Rav5H4n0M64c3mkR59cJ6wQp+7C4nI0gsmExaedaYLNO44eT4AtBBwjbTiGPMlt2Md0T9H9JQ==",
      "dev": true,
      "license": "MIT"
    },
    "option": {
      "name": "@hyprx/option",
      "version": "0.0.0-alpha.0",
      "license": "MIT",
      "devDependencies": {
        "@hyprx/assert": "0.0.0-alpha.0",
        "@hyprx/testing": "0.0.0-alpha.0"
      },
      "engines": {
        "node": ">=22"
      }
    },
    "path": {
      "name": "@hyprx/path",
      "version": "0.0.0-alpha.0",
      "license": "MIT",
      "dependencies": {
        "@hyprx/chars": "0.0.0-alpha.0",
        "@hyprx/runtime-info": "0.0.0-alpha.0"
      },
      "devDependencies": {
        "@hyprx/assert": "0.0.0-alpha.0",
        "@hyprx/testing": "0.0.0-alpha.0"
      },
      "engines": {
        "node": ">=22"
      }
    },
    "process": {
      "name": "@hyprx/process",
      "version": "0.0.0-alpha.0",
      "license": "MIT",
      "dependencies": {
        "@hyprx/runtime-info": "0.0.0-alpha.0"
      },
      "devDependencies": {
        "@hyprx/assert": "0.0.0-alpha.0",
        "@hyprx/testing": "0.0.0-alpha.0"
      },
      "engines": {
        "node": ">=22"
      }
    },
    "result": {
      "name": "@hyprx/result",
      "version": "0.0.0",
      "license": "MIT",
      "devDependencies": {
        "@hyprx/assert": "0.0.0-alpha.0",
        "@hyprx/testing": "0.0.0-alpha.0"
      },
      "engines": {
        "node": ">=22"
      }
    },
    "runtime-info": {
      "name": "@hyprx/runtime-info",
      "version": "0.0.0-alpha.0",
      "license": "MIT",
      "devDependencies": {
        "@hyprx/assert": "0.0.0-alpha.0",
        "@hyprx/testing": "0.0.0-alpha.0"
      },
      "engines": {
        "node": ">=22"
      }
    },
    "secrets": {
      "name": "@hyprx/secrets",
      "version": "0.0.0-alpha.0",
      "license": "MIT",
      "dependencies": {
        "@hyprx/chars": "0.0.0-alpha.0",
        "@hyprx/runtime-info": "0.0.0-alpha.0"
      },
      "devDependencies": {
        "@hyprx/assert": "0.0.0-alpha.0",
        "@hyprx/testing": "0.0.0-alpha.0"
      },
      "engines": {
        "node": ">=22"
      }
    },
    "slices": {
      "name": "@hyprx/slices",
      "version": "0.0.0-alpha.0",
      "license": "MIT",
      "dependencies": {
        "@hyprx/chars": "0.0.0-alpha.0",
        "@hyprx/runtime-info": "0.0.0-alpha.0"
      },
      "devDependencies": {
        "@hyprx/assert": "0.0.0-alpha.0",
        "@hyprx/testing": "0.0.0-alpha.0"
      },
      "engines": {
        "node": ">=22"
      }
    },
    "strings": {
      "name": "@hyprx/strings",
      "version": "0.0.0-alpha.0",
      "license": "MIT",
      "dependencies": {
        "@hyprx/slices": "0.0.0-alpha.0"
      },
      "devDependencies": {
        "@hyprx/assert": "0.0.0-alpha.0",
        "@hyprx/testing": "0.0.0-alpha.0"
      },
      "engines": {
        "node": ">=22"
      }
    },
    "testing": {
      "name": "@hyprx/testing",
      "version": "0.0.0-alpha.0",
      "license": "MIT",
      "devDependencies": {
        "@types/node": "^22.14.1"
      },
      "engines": {
        "node": ">=22"
      }
    }
  }
}
